// !$*UTF8*$!
{
	archiveVersion = 1;
	classes = {
	};
	objectVersion = 50;
	objects = {

/* Begin PBXGroup section */
		FF43D3CB256BDE2F00E040F8 = {
			isa = PBXGroup;
			children = (
			);
			sourceTree = "<group>";
		};
/* End PBXGroup section */

/* Begin PBXProject section */
		FF43D3CC256BDE2F00E040F8 /* Project object */ = {
			isa = PBXProject;
			attributes = {
				LastUpgradeCheck = 1220;
			};
			buildConfigurationList = FF43D3CF256BDE2F00E040F8 /* Build configuration list for PBXProject "MALLibraryHelp" */;
			compatibilityVersion = "Xcode 9.3";
			developmentRegion = en;
			hasScannedForEncodings = 0;
			knownRegions = (
				en,
				Base,
			);
			mainGroup = FF43D3CB256BDE2F00E040F8;
			projectDirPath = "";
			projectRoot = "";
			targets = (
			);
		};
/* End PBXProject section */

/* Begin XCBuildConfiguration section */
		FF43D3D0256BDE2F00E040F8 /* Debug */ = {
			isa = XCBuildConfiguration;
			buildSettings = {
			};
			name = Debug;
		};
		FF43D3D1256BDE2F00E040F8 /* Release */ = {
			isa = XCBuildConfiguration;
			buildSettings = {
			};
			name = Release;
		};
/* End XCBuildConfiguration section */

/* Begin XCConfigurationList section */
		FF43D3CF256BDE2F00E040F8 /* Build configuration list for PBXProject "MALLibraryHelp" */ = {
			isa = XCConfigurationList;
			buildConfigurations = (
				FF43D3D0256BDE2F00E040F8 /* Debug */,
				FF43D3D1256BDE2F00E040F8 /* Release */,
			);
			defaultConfigurationIsVisible = 0;
			defaultConfigurationName = Release;
		};
/* End XCConfigurationList section */
	};
	rootObject = FF43D3CC256BDE2F00E040F8 /* Project object */;
}
